// !$*UTF8*$!
{
	archiveVersion = 1;
	classes = {
	};
	objectVersion = 46;
	objects = {

/* Begin PBXBuildFile section */
		019D1E68167BA70600C9D35C /* UIKit.framework in Frameworks */ = {isa = PBXBuildFile; fileRef = 019D1E67167BA70600C9D35C /* UIKit.framework */; };
		019D1E6A167BA70600C9D35C /* Foundation.framework in Frameworks */ = {isa = PBXBuildFile; fileRef = 019D1E69167BA70600C9D35C /* Foundation.framework */; };
		019D1E6C167BA70600C9D35C /* CoreGraphics.framework in Frameworks */ = {isa = PBXBuildFile; fileRef = 019D1E6B167BA70600C9D35C /* CoreGraphics.framework */; };
		019D1E72167BA70600C9D35C /* InfoPlist.strings in Resources */ = {isa = PBXBuildFile; fileRef = 019D1E70167BA70600C9D35C /* InfoPlist.strings */; };
		019D1E74167BA70600C9D35C /* main.m in Sources */ = {isa = PBXBuildFile; fileRef = 019D1E73167BA70600C9D35C /* main.m */; };
		019D1E78167BA70600C9D35C /* AppDelegate.m in Sources */ = {isa = PBXBuildFile; fileRef = 019D1E77167BA70600C9D35C /* AppDelegate.m */; };
		019D1E7B167BA70600C9D35C /* MainStoryboard.storyboard in Resources */ = {isa = PBXBuildFile; fileRef = 019D1E79167BA70600C9D35C /* MainStoryboard.storyboard */; };
		019D1E7E167BA70600C9D35C /* ViewController.m in Sources */ = {isa = PBXBuildFile; fileRef = 019D1E7D167BA70600C9D35C /* ViewController.m */; };
		019D1E89167BA72100C9D35C /* QuartzCore.framework in Frameworks */ = {isa = PBXBuildFile; fileRef = 019D1E88167BA72100C9D35C /* QuartzCore.framework */; };
/* End PBXBuildFile section */

/* Begin PBXFileReference section */
		019D1E63167BA70600C9D35C /* Ch17.app */ = {isa = PBXFileReference; explicitFileType = wrapper.application; includeInIndex = 0; path = Ch17.app; sourceTree = BUILT_PRODUCTS_DIR; };
		019D1E67167BA70600C9D35C /* UIKit.framework */ = {isa = PBXFileReference; lastKnownFileType = wrapper.framework; name = UIKit.framework; path = System/Library/Frameworks/UIKit.framework; sourceTree = SDKROOT; };
		019D1E69167BA70600C9D35C /* Foundation.framework */ = {isa = PBXFileReference; lastKnownFileType = wrapper.framework; name = Foundation.framework; path = System/Library/Frameworks/Foundation.framework; sourceTree = SDKROOT; };
		019D1E6B167BA70600C9D35C /* CoreGraphics.framework */ = {isa = PBXFileReference; lastKnownFileType = wrapper.framework; name = CoreGraphics.framework; path = System/Library/Frameworks/CoreGraphics.framework; sourceTree = SDKROOT; };
		019D1E6F167BA70600C9D35C /* Ch17-Info.plist */ = {isa = PBXFileReference; lastKnownFileType = text.plist.xml; path = "Ch17-Info.plist"; sourceTree = "<group>"; };
		019D1E71167BA70600C9D35C /* en */ = {isa = PBXFileReference; lastKnownFileType = text.plist.strings; name = en; path = en.lproj/InfoPlist.strings; sourceTree = "<group>"; };
		019D1E73167BA70600C9D35C /* main.m */ = {isa = PBXFileReference; lastKnownFileType = sourcecode.c.objc; path = main.m; sourceTree = "<group>"; };
		019D1E75167BA70600C9D35C /* Ch17-Prefix.pch */ = {isa = PBXFileReference; lastKnownFileType = sourcecode.c.h; path = "Ch17-Prefix.pch"; sourceTree = "<group>"; };
		019D1E76167BA70600C9D35C /* AppDelegate.h */ = {isa = PBXFileReference; lastKnownFileType = sourcecode.c.h; path = AppDelegate.h; sourceTree = "<group>"; };
		019D1E77167BA70600C9D35C /* AppDelegate.m */ = {isa = PBXFileReference; lastKnownFileType = sourcecode.c.objc; path = AppDelegate.m; sourceTree = "<group>"; };
		019D1E7A167BA70600C9D35C /* en */ = {isa = PBXFileReference; lastKnownFileType = file.storyboard; name = en; path = en.lproj/MainStoryboard.storyboard; sourceTree = "<group>"; };
		019D1E7C167BA70600C9D35C /* ViewController.h */ = {isa = PBXFileReference; lastKnownFileType = sourcecode.c.h; path = ViewController.h; sourceTree = "<group>"; };
		019D1E7D167BA70600C9D35C /* ViewController.m */ = {isa = PBXFileReference; lastKnownFileType = sourcecode.c.objc; path = ViewController.m; sourceTree = "<group>"; };
		019D1E88167BA72100C9D35C /* QuartzCore.framework */ = {isa = PBXFileReference; lastKnownFileType = wrapper.framework; name = QuartzCore.framework; path = System/Library/Frameworks/QuartzCore.framework; sourceTree = SDKROOT; };
/* End PBXFileReference section */

/* Begin PBXFrameworksBuildPhase section */
		019D1E60167BA70600C9D35C /* Frameworks */ = {
			isa = PBXFrameworksBuildPhase;
			buildActionMask = 2147483647;
			files = (
				019D1E89167BA72100C9D35C /* QuartzCore.framework in Frameworks */,
				019D1E68167BA70600C9D35C /* UIKit.framework in Frameworks */,
				019D1E6A167BA70600C9D35C /* Foundation.framework in Frameworks */,
				019D1E6C167BA70600C9D35C /* CoreGraphics.framework in Frameworks */,
			);
			runOnlyForDeploymentPostprocessing = 0;
		};
/* End PBXFrameworksBuildPhase section */

/* Begin PBXGroup section */
		019D1E58167BA70600C9D35C = {
			isa = PBXGroup;
			children = (
				019D1E88167BA72100C9D35C /* QuartzCore.framework */,
				019D1E6D167BA70600C9D35C /* Ch17 */,
				019D1E66167BA70600C9D35C /* Frameworks */,
				019D1E64167BA70600C9D35C /* Products */,
			);
			sourceTree = "<group>";
		};
		019D1E64167BA70600C9D35C /* Products */ = {
			isa = PBXGroup;
			children = (
				019D1E63167BA70600C9D35C /* Ch17.app */,
			);
			name = Products;
			sourceTree = "<group>";
		};
		019D1E66167BA70600C9D35C /* Frameworks */ = {
			isa = PBXGroup;
			children = (
				019D1E67167BA70600C9D35C /* UIKit.framework */,
				019D1E69167BA70600C9D35C /* Foundation.framework */,
				019D1E6B167BA70600C9D35C /* CoreGraphics.framework */,
			);
			name = Frameworks;
			sourceTree = "<group>";
		};
		019D1E6D167BA70600C9D35C /* Ch17 */ = {
			isa = PBXGroup;
			children = (
				019D1E76167BA70600C9D35C /* AppDelegate.h */,
				019D1E77167BA70600C9D35C /* AppDelegate.m */,
				019D1E79167BA70600C9D35C /* MainStoryboard.storyboard */,
				019D1E7C167BA70600C9D35C /* ViewController.h */,
				019D1E7D167BA70600C9D35C /* ViewController.m */,
				019D1E6E167BA70600C9D35C /* Supporting Files */,
			);
			path = Ch17;
			sourceTree = "<group>";
		};
		019D1E6E167BA70600C9D35C /* Supporting Files */ = {
			isa = PBXGroup;
			children = (
				019D1E6F167BA70600C9D35C /* Ch17-Info.plist */,
				019D1E70167BA70600C9D35C /* InfoPlist.strings */,
				019D1E73167BA70600C9D35C /* main.m */,
				019D1E75167BA70600C9D35C /* Ch17-Prefix.pch */,
			);
			name = "Supporting Files";
			sourceTree = "<group>";
		};
/* End PBXGroup section */

/* Begin PBXNativeTarget section */
		019D1E62167BA70600C9D35C /* Ch17 */ = {
			isa = PBXNativeTarget;
			buildConfigurationList = 019D1E81167BA70600C9D35C /* Build configuration list for PBXNativeTarget "Ch17" */;
			buildPhases = (
				019D1E5F167BA70600C9D35C /* Sources */,
				019D1E60167BA70600C9D35C /* Frameworks */,
				019D1E61167BA70600C9D35C /* Resources */,
			);
			buildRules = (
			);
			dependencies = (
			);
			name = Ch17;
			productName = Ch17;
			productReference = 019D1E63167BA70600C9D35C /* Ch17.app */;
			productType = "com.apple.product-type.application";
		};
/* End PBXNativeTarget section */

/* Begin PBXProject section */
		019D1E5A167BA70600C9D35C /* Project object */ = {
			isa = PBXProject;
			attributes = {
				LastUpgradeCheck = 0430;
			};
			buildConfigurationList = 019D1E5D167BA70600C9D35C /* Build configuration list for PBXProject "Ch17" */;
			compatibilityVersion = "Xcode 3.2";
			developmentRegion = English;
			hasScannedForEncodings = 0;
			knownRegions = (
				en,
			);
			mainGroup = 019D1E58167BA70600C9D35C;
			productRefGroup = 019D1E64167BA70600C9D35C /* Products */;
			projectDirPath = "";
			projectRoot = "";
			targets = (
				019D1E62167BA70600C9D35C /* Ch17 */,
			);
		};
/* End PBXProject section */

/* Begin PBXResourcesBuildPhase section */
		019D1E61167BA70600C9D35C /* Resources */ = {
			isa = PBXResourcesBuildPhase;
			buildActionMask = 2147483647;
			files = (
				019D1E72167BA70600C9D35C /* InfoPlist.strings in Resources */,
				019D1E7B167BA70600C9D35C /* MainStoryboard.storyboard in Resources */,
			);
			runOnlyForDeploymentPostprocessing = 0;
		};
/* End PBXResourcesBuildPhase section */

/* Begin PBXSourcesBuildPhase section */
		019D1E5F167BA70600C9D35C /* Sources */ = {
			isa = PBXSourcesBuildPhase;
			buildActionMask = 2147483647;
			files = (
				019D1E74167BA70600C9D35C /* main.m in Sources */,
				019D1E78167BA70600C9D35C /* AppDelegate.m in Sources */,
				019D1E7E167BA70600C9D35C /* ViewController.m in Sources */,
			);
			runOnlyForDeploymentPostprocessing = 0;
		};
/* End PBXSourcesBuildPhase section */

/* Begin PBXVariantGroup section */
		019D1E70167BA70600C9D35C /* InfoPlist.strings */ = {
			isa = PBXVariantGroup;
			children = (
				019D1E71167BA70600C9D35C /* en */,
			);
			name = InfoPlist.strings;
			sourceTree = "<group>";
		};
		019D1E79167BA70600C9D35C /* MainStoryboard.storyboard */ = {
			isa = PBXVariantGroup;
			children = (
				019D1E7A167BA70600C9D35C /* en */,
			);
			name = MainStoryboard.storyboard;
			sourceTree = "<group>";
		};
/* End PBXVariantGroup section */

/* Begin XCBuildConfiguration section */
		019D1E7F167BA70600C9D35C /* Debug */ = {
			isa = XCBuildConfiguration;
			buildSettings = {
				ALWAYS_SEARCH_USER_PATHS = NO;
				ARCHS = "$(ARCHS_STANDARD_32_BIT)";
				CLANG_ENABLE_OBJC_ARC = YES;
				"CODE_SIGN_IDENTITY[sdk=iphoneos*]" = "iPhone Developer";
				COPY_PHASE_STRIP = NO;
				GCC_C_LANGUAGE_STANDARD = gnu99;
				GCC_DYNAMIC_NO_PIC = NO;
				GCC_OPTIMIZATION_LEVEL = 0;
				GCC_PREPROCESSOR_DEFINITIONS = (
					"DEBUG=1",
					"$(inherited)",
				);
				GCC_SYMBOLS_PRIVATE_EXTERN = NO;
				GCC_VERSION = com.apple.compilers.llvm.clang.1_0;
				GCC_WARN_ABOUT_RETURN_TYPE = YES;
				GCC_WARN_UNINITIALIZED_AUTOS = YES;
				GCC_WARN_UNUSED_VARIABLE = YES;
				IPHONEOS_DEPLOYMENT_TARGET = 5.1;
				SDKROOT = iphoneos;
			};
			name = Debug;
		};
		019D1E80167BA70600C9D35C /* Release */ = {
			isa = XCBuildConfiguration;
			buildSettings = {
				ALWAYS_SEARCH_USER_PATHS = NO;
				ARCHS = "$(ARCHS_STANDARD_32_BIT)";
				CLANG_ENABLE_OBJC_ARC = YES;
				"CODE_SIGN_IDENTITY[sdk=iphoneos*]" = "iPhone Developer";
				COPY_PHASE_STRIP = YES;
				GCC_C_LANGUAGE_STANDARD = gnu99;
				GCC_VERSION = com.apple.compilers.llvm.clang.1_0;
				GCC_WARN_ABOUT_RETURN_TYPE = YES;
				GCC_WARN_UNINITIALIZED_AUTOS = YES;
				GCC_WARN_UNUSED_VARIABLE = YES;
				IPHONEOS_DEPLOYMENT_TARGET = 5.1;
				OTHER_CFLAGS = "-DNS_BLOCK_ASSERTIONS=1";
				SDKROOT = iphoneos;
				VALIDATE_PRODUCT = YES;
			};
			name = Release;
		};
		019D1E82167BA70600C9D35C /* Debug */ = {
			isa = XCBuildConfiguration;
			buildSettings = {
				GCC_PRECOMPILE_PREFIX_HEADER = YES;
				GCC_PREFIX_HEADER = "Ch17/Ch17-Prefix.pch";
				INFOPLIST_FILE = "Ch17/Ch17-Info.plist";
				PRODUCT_NAME = "$(TARGET_NAME)";
				WRAPPER_EXTENSION = app;
			};
			name = Debug;
		};
		019D1E83167BA70600C9D35C /* Release */ = {
			isa = XCBuildConfiguration;
			buildSettings = {
				GCC_PRECOMPILE_PREFIX_HEADER = YES;
				GCC_PREFIX_HEADER = "Ch17/Ch17-Prefix.pch";
				INFOPLIST_FILE = "Ch17/Ch17-Info.plist";
				PRODUCT_NAME = "$(TARGET_NAME)";
				WRAPPER_EXTENSION = app;
			};
			name = Release;
		};
/* End XCBuildConfiguration section */

/* Begin XCConfigurationList section */
		019D1E5D167BA70600C9D35C /* Build configuration list for PBXProject "Ch17" */ = {
			isa = XCConfigurationList;
			buildConfigurations = (
				019D1E7F167BA70600C9D35C /* Debug */,
				019D1E80167BA70600C9D35C /* Release */,
			);
			defaultConfigurationIsVisible = 0;
			defaultConfigurationName = Release;
		};
		019D1E81167BA70600C9D35C /* Build configuration list for PBXNativeTarget "Ch17" */ = {
			isa = XCConfigurationList;
			buildConfigurations = (
				019D1E82167BA70600C9D35C /* Debug */,
				019D1E83167BA70600C9D35C /* Release */,
			);
			defaultConfigurationIsVisible = 0;
			defaultConfigurationName = Release;
		};
/* End XCConfigurationList section */
	};
	rootObject = 019D1E5A167BA70600C9D35C /* Project object */;
}
