// !$*UTF8*$!
{
	archiveVersion = 1;
	classes = {
	};
	objectVersion = 46;
	objects = {

/* Begin PBXBuildFile section */
		017A5280154F5C3B00EB0A56 /* AddSightingViewController.m in Sources */ = {isa = PBXBuildFile; fileRef = 017A527F154F5C3B00EB0A56 /* AddSightingViewController.m */; };
		017F91EC154EDF02008231EC /* UIKit.framework in Frameworks */ = {isa = PBXBuildFile; fileRef = 017F91EB154EDF02008231EC /* UIKit.framework */; };
		017F91EE154EDF02008231EC /* Foundation.framework in Frameworks */ = {isa = PBXBuildFile; fileRef = 017F91ED154EDF02008231EC /* Foundation.framework */; };
		017F91F0154EDF02008231EC /* CoreGraphics.framework in Frameworks */ = {isa = PBXBuildFile; fileRef = 017F91EF154EDF02008231EC /* CoreGraphics.framework */; };
		017F91F6154EDF02008231EC /* InfoPlist.strings in Resources */ = {isa = PBXBuildFile; fileRef = 017F91F4154EDF02008231EC /* InfoPlist.strings */; };
		017F91F8154EDF02008231EC /* main.m in Sources */ = {isa = PBXBuildFile; fileRef = 017F91F7154EDF02008231EC /* main.m */; };
		017F91FC154EDF02008231EC /* BirdsAppDelegate.m in Sources */ = {isa = PBXBuildFile; fileRef = 017F91FB154EDF02008231EC /* BirdsAppDelegate.m */; };
		017F91FF154EDF03008231EC /* MainStoryboard.storyboard in Resources */ = {isa = PBXBuildFile; fileRef = 017F91FD154EDF02008231EC /* MainStoryboard.storyboard */; };
		017F9202154EDF03008231EC /* BirdsMasterViewController.m in Sources */ = {isa = PBXBuildFile; fileRef = 017F9201154EDF03008231EC /* BirdsMasterViewController.m */; };
		017F9205154EDF03008231EC /* BirdsDetailViewController.m in Sources */ = {isa = PBXBuildFile; fileRef = 017F9204154EDF03008231EC /* BirdsDetailViewController.m */; };
		017F9211154EE156008231EC /* BirdSighting.m in Sources */ = {isa = PBXBuildFile; fileRef = 017F9210154EE156008231EC /* BirdSighting.m */; };
		017F9215154EE518008231EC /* BirdSightingDataController.m in Sources */ = {isa = PBXBuildFile; fileRef = 017F9214154EE518008231EC /* BirdSightingDataController.m */; };
/* End PBXBuildFile section */

/* Begin PBXFileReference section */
		017A527E154F5C3B00EB0A56 /* AddSightingViewController.h */ = {isa = PBXFileReference; fileEncoding = 4; lastKnownFileType = sourcecode.c.h; path = AddSightingViewController.h; sourceTree = "<group>"; };
		017A527F154F5C3B00EB0A56 /* AddSightingViewController.m */ = {isa = PBXFileReference; fileEncoding = 4; lastKnownFileType = sourcecode.c.objc; path = AddSightingViewController.m; sourceTree = "<group>"; };
		017F91E7154EDF02008231EC /* BirdWatchingII.app */ = {isa = PBXFileReference; explicitFileType = wrapper.application; includeInIndex = 0; path = BirdWatchingII.app; sourceTree = BUILT_PRODUCTS_DIR; };
		017F91EB154EDF02008231EC /* UIKit.framework */ = {isa = PBXFileReference; lastKnownFileType = wrapper.framework; name = UIKit.framework; path = System/Library/Frameworks/UIKit.framework; sourceTree = SDKROOT; };
		017F91ED154EDF02008231EC /* Foundation.framework */ = {isa = PBXFileReference; lastKnownFileType = wrapper.framework; name = Foundation.framework; path = System/Library/Frameworks/Foundation.framework; sourceTree = SDKROOT; };
		017F91EF154EDF02008231EC /* CoreGraphics.framework */ = {isa = PBXFileReference; lastKnownFileType = wrapper.framework; name = CoreGraphics.framework; path = System/Library/Frameworks/CoreGraphics.framework; sourceTree = SDKROOT; };
		017F91F3154EDF02008231EC /* BirdWatchingII-Info.plist */ = {isa = PBXFileReference; lastKnownFileType = text.plist.xml; path = "BirdWatchingII-Info.plist"; sourceTree = "<group>"; };
		017F91F5154EDF02008231EC /* en */ = {isa = PBXFileReference; lastKnownFileType = text.plist.strings; name = en; path = en.lproj/InfoPlist.strings; sourceTree = "<group>"; };
		017F91F7154EDF02008231EC /* main.m */ = {isa = PBXFileReference; lastKnownFileType = sourcecode.c.objc; path = main.m; sourceTree = "<group>"; };
		017F91F9154EDF02008231EC /* BirdWatchingII-Prefix.pch */ = {isa = PBXFileReference; lastKnownFileType = sourcecode.c.h; path = "BirdWatchingII-Prefix.pch"; sourceTree = "<group>"; };
		017F91FA154EDF02008231EC /* BirdsAppDelegate.h */ = {isa = PBXFileReference; lastKnownFileType = sourcecode.c.h; path = BirdsAppDelegate.h; sourceTree = "<group>"; };
		017F91FB154EDF02008231EC /* BirdsAppDelegate.m */ = {isa = PBXFileReference; lastKnownFileType = sourcecode.c.objc; path = BirdsAppDelegate.m; sourceTree = "<group>"; };
		017F91FE154EDF03008231EC /* en */ = {isa = PBXFileReference; lastKnownFileType = file.storyboard; name = en; path = en.lproj/MainStoryboard.storyboard; sourceTree = "<group>"; };
		017F9200154EDF03008231EC /* BirdsMasterViewController.h */ = {isa = PBXFileReference; lastKnownFileType = sourcecode.c.h; path = BirdsMasterViewController.h; sourceTree = "<group>"; };
		017F9201154EDF03008231EC /* BirdsMasterViewController.m */ = {isa = PBXFileReference; lastKnownFileType = sourcecode.c.objc; path = BirdsMasterViewController.m; sourceTree = "<group>"; };
		017F9203154EDF03008231EC /* BirdsDetailViewController.h */ = {isa = PBXFileReference; lastKnownFileType = sourcecode.c.h; path = BirdsDetailViewController.h; sourceTree = "<group>"; };
		017F9204154EDF03008231EC /* BirdsDetailViewController.m */ = {isa = PBXFileReference; lastKnownFileType = sourcecode.c.objc; path = BirdsDetailViewController.m; sourceTree = "<group>"; };
		017F920F154EE156008231EC /* BirdSighting.h */ = {isa = PBXFileReference; fileEncoding = 4; lastKnownFileType = sourcecode.c.h; path = BirdSighting.h; sourceTree = "<group>"; };
		017F9210154EE156008231EC /* BirdSighting.m */ = {isa = PBXFileReference; fileEncoding = 4; lastKnownFileType = sourcecode.c.objc; path = BirdSighting.m; sourceTree = "<group>"; };
		017F9213154EE518008231EC /* BirdSightingDataController.h */ = {isa = PBXFileReference; fileEncoding = 4; lastKnownFileType = sourcecode.c.h; path = BirdSightingDataController.h; sourceTree = "<group>"; };
		017F9214154EE518008231EC /* BirdSightingDataController.m */ = {isa = PBXFileReference; fileEncoding = 4; lastKnownFileType = sourcecode.c.objc; path = BirdSightingDataController.m; sourceTree = "<group>"; };
/* End PBXFileReference section */

/* Begin PBXFrameworksBuildPhase section */
		017F91E4154EDF02008231EC /* Frameworks */ = {
			isa = PBXFrameworksBuildPhase;
			buildActionMask = 2147483647;
			files = (
				017F91EC154EDF02008231EC /* UIKit.framework in Frameworks */,
				017F91EE154EDF02008231EC /* Foundation.framework in Frameworks */,
				017F91F0154EDF02008231EC /* CoreGraphics.framework in Frameworks */,
			);
			runOnlyForDeploymentPostprocessing = 0;
		};
/* End PBXFrameworksBuildPhase section */

/* Begin PBXGroup section */
		017F91DC154EDF02008231EC = {
			isa = PBXGroup;
			children = (
				017F91F1154EDF02008231EC /* BirdWatchingII */,
				017F91EA154EDF02008231EC /* Frameworks */,
				017F91E8154EDF02008231EC /* Products */,
			);
			sourceTree = "<group>";
		};
		017F91E8154EDF02008231EC /* Products */ = {
			isa = PBXGroup;
			children = (
				017F91E7154EDF02008231EC /* BirdWatchingII.app */,
			);
			name = Products;
			sourceTree = "<group>";
		};
		017F91EA154EDF02008231EC /* Frameworks */ = {
			isa = PBXGroup;
			children = (
				017F91EB154EDF02008231EC /* UIKit.framework */,
				017F91ED154EDF02008231EC /* Foundation.framework */,
				017F91EF154EDF02008231EC /* CoreGraphics.framework */,
			);
			name = Frameworks;
			sourceTree = "<group>";
		};
		017F91F1154EDF02008231EC /* BirdWatchingII */ = {
			isa = PBXGroup;
			children = (
				017A527E154F5C3B00EB0A56 /* AddSightingViewController.h */,
				017A527F154F5C3B00EB0A56 /* AddSightingViewController.m */,
				017F920F154EE156008231EC /* BirdSighting.h */,
				017F9210154EE156008231EC /* BirdSighting.m */,
				017F9213154EE518008231EC /* BirdSightingDataController.h */,
				017F9214154EE518008231EC /* BirdSightingDataController.m */,
				017F91FA154EDF02008231EC /* BirdsAppDelegate.h */,
				017F91FB154EDF02008231EC /* BirdsAppDelegate.m */,
				017F91FD154EDF02008231EC /* MainStoryboard.storyboard */,
				017F9200154EDF03008231EC /* BirdsMasterViewController.h */,
				017F9201154EDF03008231EC /* BirdsMasterViewController.m */,
				017F9203154EDF03008231EC /* BirdsDetailViewController.h */,
				017F9204154EDF03008231EC /* BirdsDetailViewController.m */,
				017F91F2154EDF02008231EC /* Supporting Files */,
			);
			path = BirdWatchingII;
			sourceTree = "<group>";
		};
		017F91F2154EDF02008231EC /* Supporting Files */ = {
			isa = PBXGroup;
			children = (
				017F91F3154EDF02008231EC /* BirdWatchingII-Info.plist */,
				017F91F4154EDF02008231EC /* InfoPlist.strings */,
				017F91F7154EDF02008231EC /* main.m */,
				017F91F9154EDF02008231EC /* BirdWatchingII-Prefix.pch */,
			);
			name = "Supporting Files";
			sourceTree = "<group>";
		};
/* End PBXGroup section */

/* Begin PBXNativeTarget section */
		017F91E6154EDF02008231EC /* BirdWatchingII */ = {
			isa = PBXNativeTarget;
			buildConfigurationList = 017F9208154EDF03008231EC /* Build configuration list for PBXNativeTarget "BirdWatchingII" */;
			buildPhases = (
				017F91E3154EDF02008231EC /* Sources */,
				017F91E4154EDF02008231EC /* Frameworks */,
				017F91E5154EDF02008231EC /* Resources */,
			);
			buildRules = (
			);
			dependencies = (
			);
			name = BirdWatchingII;
			productName = BirdWatchingII;
			productReference = 017F91E7154EDF02008231EC /* BirdWatchingII.app */;
			productType = "com.apple.product-type.application";
		};
/* End PBXNativeTarget section */

/* Begin PBXProject section */
		017F91DE154EDF02008231EC /* Project object */ = {
			isa = PBXProject;
			attributes = {
				CLASSPREFIX = Birds;
				LastUpgradeCheck = 0430;
			};
			buildConfigurationList = 017F91E1154EDF02008231EC /* Build configuration list for PBXProject "BirdWatchingII" */;
			compatibilityVersion = "Xcode 3.2";
			developmentRegion = English;
			hasScannedForEncodings = 0;
			knownRegions = (
				en,
			);
			mainGroup = 017F91DC154EDF02008231EC;
			productRefGroup = 017F91E8154EDF02008231EC /* Products */;
			projectDirPath = "";
			projectRoot = "";
			targets = (
				017F91E6154EDF02008231EC /* BirdWatchingII */,
			);
		};
/* End PBXProject section */

/* Begin PBXResourcesBuildPhase section */
		017F91E5154EDF02008231EC /* Resources */ = {
			isa = PBXResourcesBuildPhase;
			buildActionMask = 2147483647;
			files = (
				017F91F6154EDF02008231EC /* InfoPlist.strings in Resources */,
				017F91FF154EDF03008231EC /* MainStoryboard.storyboard in Resources */,
			);
			runOnlyForDeploymentPostprocessing = 0;
		};
/* End PBXResourcesBuildPhase section */

/* Begin PBXSourcesBuildPhase section */
		017F91E3154EDF02008231EC /* Sources */ = {
			isa = PBXSourcesBuildPhase;
			buildActionMask = 2147483647;
			files = (
				017F91F8154EDF02008231EC /* main.m in Sources */,
				017F91FC154EDF02008231EC /* BirdsAppDelegate.m in Sources */,
				017F9202154EDF03008231EC /* BirdsMasterViewController.m in Sources */,
				017F9205154EDF03008231EC /* BirdsDetailViewController.m in Sources */,
				017F9211154EE156008231EC /* BirdSighting.m in Sources */,
				017F9215154EE518008231EC /* BirdSightingDataController.m in Sources */,
				017A5280154F5C3B00EB0A56 /* AddSightingViewController.m in Sources */,
			);
			runOnlyForDeploymentPostprocessing = 0;
		};
/* End PBXSourcesBuildPhase section */

/* Begin PBXVariantGroup section */
		017F91F4154EDF02008231EC /* InfoPlist.strings */ = {
			isa = PBXVariantGroup;
			children = (
				017F91F5154EDF02008231EC /* en */,
			);
			name = InfoPlist.strings;
			sourceTree = "<group>";
		};
		017F91FD154EDF02008231EC /* MainStoryboard.storyboard */ = {
			isa = PBXVariantGroup;
			children = (
				017F91FE154EDF03008231EC /* en */,
			);
			name = MainStoryboard.storyboard;
			sourceTree = "<group>";
		};
/* End PBXVariantGroup section */

/* Begin XCBuildConfiguration section */
		017F9206154EDF03008231EC /* Debug */ = {
			isa = XCBuildConfiguration;
			buildSettings = {
				ALWAYS_SEARCH_USER_PATHS = NO;
				ARCHS = "$(ARCHS_STANDARD_32_BIT)";
				CLANG_ENABLE_OBJC_ARC = YES;
				"CODE_SIGN_IDENTITY[sdk=iphoneos*]" = "iPhone Developer";
				COPY_PHASE_STRIP = NO;
				GCC_C_LANGUAGE_STANDARD = gnu99;
				GCC_DYNAMIC_NO_PIC = NO;
				GCC_OPTIMIZATION_LEVEL = 0;
				GCC_PREPROCESSOR_DEFINITIONS = (
					"DEBUG=1",
					"$(inherited)",
				);
				GCC_SYMBOLS_PRIVATE_EXTERN = NO;
				GCC_VERSION = com.apple.compilers.llvm.clang.1_0;
				GCC_WARN_ABOUT_RETURN_TYPE = YES;
				GCC_WARN_UNINITIALIZED_AUTOS = YES;
				GCC_WARN_UNUSED_VARIABLE = YES;
				IPHONEOS_DEPLOYMENT_TARGET = 5.1;
				SDKROOT = iphoneos;
			};
			name = Debug;
		};
		017F9207154EDF03008231EC /* Release */ = {
			isa = XCBuildConfiguration;
			buildSettings = {
				ALWAYS_SEARCH_USER_PATHS = NO;
				ARCHS = "$(ARCHS_STANDARD_32_BIT)";
				CLANG_ENABLE_OBJC_ARC = YES;
				"CODE_SIGN_IDENTITY[sdk=iphoneos*]" = "iPhone Developer";
				COPY_PHASE_STRIP = YES;
				GCC_C_LANGUAGE_STANDARD = gnu99;
				GCC_VERSION = com.apple.compilers.llvm.clang.1_0;
				GCC_WARN_ABOUT_RETURN_TYPE = YES;
				GCC_WARN_UNINITIALIZED_AUTOS = YES;
				GCC_WARN_UNUSED_VARIABLE = YES;
				IPHONEOS_DEPLOYMENT_TARGET = 5.1;
				OTHER_CFLAGS = "-DNS_BLOCK_ASSERTIONS=1";
				SDKROOT = iphoneos;
				VALIDATE_PRODUCT = YES;
			};
			name = Release;
		};
		017F9209154EDF03008231EC /* Debug */ = {
			isa = XCBuildConfiguration;
			buildSettings = {
				GCC_PRECOMPILE_PREFIX_HEADER = YES;
				GCC_PREFIX_HEADER = "BirdWatchingII/BirdWatchingII-Prefix.pch";
				INFOPLIST_FILE = "BirdWatchingII/BirdWatchingII-Info.plist";
				PRODUCT_NAME = "$(TARGET_NAME)";
				WRAPPER_EXTENSION = app;
			};
			name = Debug;
		};
		017F920A154EDF03008231EC /* Release */ = {
			isa = XCBuildConfiguration;
			buildSettings = {
				GCC_PRECOMPILE_PREFIX_HEADER = YES;
				GCC_PREFIX_HEADER = "BirdWatchingII/BirdWatchingII-Prefix.pch";
				INFOPLIST_FILE = "BirdWatchingII/BirdWatchingII-Info.plist";
				PRODUCT_NAME = "$(TARGET_NAME)";
				WRAPPER_EXTENSION = app;
			};
			name = Release;
		};
/* End XCBuildConfiguration section */

/* Begin XCConfigurationList section */
		017F91E1154EDF02008231EC /* Build configuration list for PBXProject "BirdWatchingII" */ = {
			isa = XCConfigurationList;
			buildConfigurations = (
				017F9206154EDF03008231EC /* Debug */,
				017F9207154EDF03008231EC /* Release */,
			);
			defaultConfigurationIsVisible = 0;
			defaultConfigurationName = Release;
		};
		017F9208154EDF03008231EC /* Build configuration list for PBXNativeTarget "BirdWatchingII" */ = {
			isa = XCConfigurationList;
			buildConfigurations = (
				017F9209154EDF03008231EC /* Debug */,
				017F920A154EDF03008231EC /* Release */,
			);
			defaultConfigurationIsVisible = 0;
			defaultConfigurationName = Release;
		};
/* End XCConfigurationList section */
	};
	rootObject = 017F91DE154EDF02008231EC /* Project object */;
}
