// !$*UTF8*$!
{
	archiveVersion = 1;
	classes = {
	};
	objectVersion = 46;
	objects = {

/* Begin PBXBuildFile section */
		461C2F0C1676AB32005BA6E6 /* UIKit.framework in Frameworks */ = {isa = PBXBuildFile; fileRef = 461C2F0B1676AB32005BA6E6 /* UIKit.framework */; };
		461C2F0E1676AB32005BA6E6 /* Foundation.framework in Frameworks */ = {isa = PBXBuildFile; fileRef = 461C2F0D1676AB32005BA6E6 /* Foundation.framework */; };
		461C2F101676AB32005BA6E6 /* CoreGraphics.framework in Frameworks */ = {isa = PBXBuildFile; fileRef = 461C2F0F1676AB32005BA6E6 /* CoreGraphics.framework */; };
		461C2F161676AB32005BA6E6 /* InfoPlist.strings in Resources */ = {isa = PBXBuildFile; fileRef = 461C2F141676AB32005BA6E6 /* InfoPlist.strings */; };
		461C2F181676AB32005BA6E6 /* main.m in Sources */ = {isa = PBXBuildFile; fileRef = 461C2F171676AB32005BA6E6 /* main.m */; };
		461C2F1C1676AB32005BA6E6 /* AppDelegate.m in Sources */ = {isa = PBXBuildFile; fileRef = 461C2F1B1676AB32005BA6E6 /* AppDelegate.m */; };
		461C2F1E1676AB32005BA6E6 /* Default.png in Resources */ = {isa = PBXBuildFile; fileRef = 461C2F1D1676AB32005BA6E6 /* Default.png */; };
		461C2F201676AB32005BA6E6 /* Default@2x.png in Resources */ = {isa = PBXBuildFile; fileRef = 461C2F1F1676AB32005BA6E6 /* Default@2x.png */; };
		461C2F221676AB32005BA6E6 /* Default-568h@2x.png in Resources */ = {isa = PBXBuildFile; fileRef = 461C2F211676AB32005BA6E6 /* Default-568h@2x.png */; };
		461C2F251676AB32005BA6E6 /* MainStoryboard_iPhone.storyboard in Resources */ = {isa = PBXBuildFile; fileRef = 461C2F231676AB32005BA6E6 /* MainStoryboard_iPhone.storyboard */; };
		461C2F281676AB32005BA6E6 /* MainStoryboard_iPad.storyboard in Resources */ = {isa = PBXBuildFile; fileRef = 461C2F261676AB32005BA6E6 /* MainStoryboard_iPad.storyboard */; };
		461C2F2B1676AB32005BA6E6 /* ViewController.m in Sources */ = {isa = PBXBuildFile; fileRef = 461C2F2A1676AB32005BA6E6 /* ViewController.m */; };
		461C2F361676AC65005BA6E6 /* QuartzCore.framework in Frameworks */ = {isa = PBXBuildFile; fileRef = 461C2F351676AC65005BA6E6 /* QuartzCore.framework */; };
/* End PBXBuildFile section */

/* Begin PBXFileReference section */
		461C2F071676AB32005BA6E6 /* Ch16.app */ = {isa = PBXFileReference; explicitFileType = wrapper.application; includeInIndex = 0; path = Ch16.app; sourceTree = BUILT_PRODUCTS_DIR; };
		461C2F0B1676AB32005BA6E6 /* UIKit.framework */ = {isa = PBXFileReference; lastKnownFileType = wrapper.framework; name = UIKit.framework; path = System/Library/Frameworks/UIKit.framework; sourceTree = SDKROOT; };
		461C2F0D1676AB32005BA6E6 /* Foundation.framework */ = {isa = PBXFileReference; lastKnownFileType = wrapper.framework; name = Foundation.framework; path = System/Library/Frameworks/Foundation.framework; sourceTree = SDKROOT; };
		461C2F0F1676AB32005BA6E6 /* CoreGraphics.framework */ = {isa = PBXFileReference; lastKnownFileType = wrapper.framework; name = CoreGraphics.framework; path = System/Library/Frameworks/CoreGraphics.framework; sourceTree = SDKROOT; };
		461C2F131676AB32005BA6E6 /* Ch16-Info.plist */ = {isa = PBXFileReference; lastKnownFileType = text.plist.xml; path = "Ch16-Info.plist"; sourceTree = "<group>"; };
		461C2F151676AB32005BA6E6 /* en */ = {isa = PBXFileReference; lastKnownFileType = text.plist.strings; name = en; path = en.lproj/InfoPlist.strings; sourceTree = "<group>"; };
		461C2F171676AB32005BA6E6 /* main.m */ = {isa = PBXFileReference; lastKnownFileType = sourcecode.c.objc; path = main.m; sourceTree = "<group>"; };
		461C2F191676AB32005BA6E6 /* Ch16-Prefix.pch */ = {isa = PBXFileReference; lastKnownFileType = sourcecode.c.h; path = "Ch16-Prefix.pch"; sourceTree = "<group>"; };
		461C2F1A1676AB32005BA6E6 /* AppDelegate.h */ = {isa = PBXFileReference; lastKnownFileType = sourcecode.c.h; path = AppDelegate.h; sourceTree = "<group>"; };
		461C2F1B1676AB32005BA6E6 /* AppDelegate.m */ = {isa = PBXFileReference; lastKnownFileType = sourcecode.c.objc; path = AppDelegate.m; sourceTree = "<group>"; };
		461C2F1D1676AB32005BA6E6 /* Default.png */ = {isa = PBXFileReference; lastKnownFileType = image.png; path = Default.png; sourceTree = "<group>"; };
		461C2F1F1676AB32005BA6E6 /* Default@2x.png */ = {isa = PBXFileReference; lastKnownFileType = image.png; path = "Default@2x.png"; sourceTree = "<group>"; };
		461C2F211676AB32005BA6E6 /* Default-568h@2x.png */ = {isa = PBXFileReference; lastKnownFileType = image.png; path = "Default-568h@2x.png"; sourceTree = "<group>"; };
		461C2F241676AB32005BA6E6 /* en */ = {isa = PBXFileReference; lastKnownFileType = file.storyboard; name = en; path = en.lproj/MainStoryboard_iPhone.storyboard; sourceTree = "<group>"; };
		461C2F271676AB32005BA6E6 /* en */ = {isa = PBXFileReference; lastKnownFileType = file.storyboard; name = en; path = en.lproj/MainStoryboard_iPad.storyboard; sourceTree = "<group>"; };
		461C2F291676AB32005BA6E6 /* ViewController.h */ = {isa = PBXFileReference; lastKnownFileType = sourcecode.c.h; path = ViewController.h; sourceTree = "<group>"; };
		461C2F2A1676AB32005BA6E6 /* ViewController.m */ = {isa = PBXFileReference; lastKnownFileType = sourcecode.c.objc; path = ViewController.m; sourceTree = "<group>"; };
		461C2F351676AC65005BA6E6 /* QuartzCore.framework */ = {isa = PBXFileReference; lastKnownFileType = wrapper.framework; name = QuartzCore.framework; path = System/Library/Frameworks/QuartzCore.framework; sourceTree = SDKROOT; };
/* End PBXFileReference section */

/* Begin PBXFrameworksBuildPhase section */
		461C2F041676AB32005BA6E6 /* Frameworks */ = {
			isa = PBXFrameworksBuildPhase;
			buildActionMask = 2147483647;
			files = (
				461C2F361676AC65005BA6E6 /* QuartzCore.framework in Frameworks */,
				461C2F0C1676AB32005BA6E6 /* UIKit.framework in Frameworks */,
				461C2F0E1676AB32005BA6E6 /* Foundation.framework in Frameworks */,
				461C2F101676AB32005BA6E6 /* CoreGraphics.framework in Frameworks */,
			);
			runOnlyForDeploymentPostprocessing = 0;
		};
/* End PBXFrameworksBuildPhase section */

/* Begin PBXGroup section */
		461C2EFC1676AB32005BA6E6 = {
			isa = PBXGroup;
			children = (
				461C2F351676AC65005BA6E6 /* QuartzCore.framework */,
				461C2F111676AB32005BA6E6 /* Ch16 */,
				461C2F0A1676AB32005BA6E6 /* Frameworks */,
				461C2F081676AB32005BA6E6 /* Products */,
			);
			sourceTree = "<group>";
		};
		461C2F081676AB32005BA6E6 /* Products */ = {
			isa = PBXGroup;
			children = (
				461C2F071676AB32005BA6E6 /* Ch16.app */,
			);
			name = Products;
			sourceTree = "<group>";
		};
		461C2F0A1676AB32005BA6E6 /* Frameworks */ = {
			isa = PBXGroup;
			children = (
				461C2F0B1676AB32005BA6E6 /* UIKit.framework */,
				461C2F0D1676AB32005BA6E6 /* Foundation.framework */,
				461C2F0F1676AB32005BA6E6 /* CoreGraphics.framework */,
			);
			name = Frameworks;
			sourceTree = "<group>";
		};
		461C2F111676AB32005BA6E6 /* Ch16 */ = {
			isa = PBXGroup;
			children = (
				461C2F1A1676AB32005BA6E6 /* AppDelegate.h */,
				461C2F1B1676AB32005BA6E6 /* AppDelegate.m */,
				461C2F231676AB32005BA6E6 /* MainStoryboard_iPhone.storyboard */,
				461C2F261676AB32005BA6E6 /* MainStoryboard_iPad.storyboard */,
				461C2F291676AB32005BA6E6 /* ViewController.h */,
				461C2F2A1676AB32005BA6E6 /* ViewController.m */,
				461C2F121676AB32005BA6E6 /* Supporting Files */,
			);
			path = Ch16;
			sourceTree = "<group>";
		};
		461C2F121676AB32005BA6E6 /* Supporting Files */ = {
			isa = PBXGroup;
			children = (
				461C2F131676AB32005BA6E6 /* Ch16-Info.plist */,
				461C2F141676AB32005BA6E6 /* InfoPlist.strings */,
				461C2F171676AB32005BA6E6 /* main.m */,
				461C2F191676AB32005BA6E6 /* Ch16-Prefix.pch */,
				461C2F1D1676AB32005BA6E6 /* Default.png */,
				461C2F1F1676AB32005BA6E6 /* Default@2x.png */,
				461C2F211676AB32005BA6E6 /* Default-568h@2x.png */,
			);
			name = "Supporting Files";
			sourceTree = "<group>";
		};
/* End PBXGroup section */

/* Begin PBXNativeTarget section */
		461C2F061676AB32005BA6E6 /* Ch16 */ = {
			isa = PBXNativeTarget;
			buildConfigurationList = 461C2F2E1676AB32005BA6E6 /* Build configuration list for PBXNativeTarget "Ch16" */;
			buildPhases = (
				461C2F031676AB32005BA6E6 /* Sources */,
				461C2F041676AB32005BA6E6 /* Frameworks */,
				461C2F051676AB32005BA6E6 /* Resources */,
			);
			buildRules = (
			);
			dependencies = (
			);
			name = Ch16;
			productName = Ch16;
			productReference = 461C2F071676AB32005BA6E6 /* Ch16.app */;
			productType = "com.apple.product-type.application";
		};
/* End PBXNativeTarget section */

/* Begin PBXProject section */
		461C2EFE1676AB32005BA6E6 /* Project object */ = {
			isa = PBXProject;
			attributes = {
				LastUpgradeCheck = 0450;
				ORGANIZATIONNAME = "Seth A. Vernon";
			};
			buildConfigurationList = 461C2F011676AB32005BA6E6 /* Build configuration list for PBXProject "Ch16" */;
			compatibilityVersion = "Xcode 3.2";
			developmentRegion = English;
			hasScannedForEncodings = 0;
			knownRegions = (
				en,
			);
			mainGroup = 461C2EFC1676AB32005BA6E6;
			productRefGroup = 461C2F081676AB32005BA6E6 /* Products */;
			projectDirPath = "";
			projectRoot = "";
			targets = (
				461C2F061676AB32005BA6E6 /* Ch16 */,
			);
		};
/* End PBXProject section */

/* Begin PBXResourcesBuildPhase section */
		461C2F051676AB32005BA6E6 /* Resources */ = {
			isa = PBXResourcesBuildPhase;
			buildActionMask = 2147483647;
			files = (
				461C2F161676AB32005BA6E6 /* InfoPlist.strings in Resources */,
				461C2F1E1676AB32005BA6E6 /* Default.png in Resources */,
				461C2F201676AB32005BA6E6 /* Default@2x.png in Resources */,
				461C2F221676AB32005BA6E6 /* Default-568h@2x.png in Resources */,
				461C2F251676AB32005BA6E6 /* MainStoryboard_iPhone.storyboard in Resources */,
				461C2F281676AB32005BA6E6 /* MainStoryboard_iPad.storyboard in Resources */,
			);
			runOnlyForDeploymentPostprocessing = 0;
		};
/* End PBXResourcesBuildPhase section */

/* Begin PBXSourcesBuildPhase section */
		461C2F031676AB32005BA6E6 /* Sources */ = {
			isa = PBXSourcesBuildPhase;
			buildActionMask = 2147483647;
			files = (
				461C2F181676AB32005BA6E6 /* main.m in Sources */,
				461C2F1C1676AB32005BA6E6 /* AppDelegate.m in Sources */,
				461C2F2B1676AB32005BA6E6 /* ViewController.m in Sources */,
			);
			runOnlyForDeploymentPostprocessing = 0;
		};
/* End PBXSourcesBuildPhase section */

/* Begin PBXVariantGroup section */
		461C2F141676AB32005BA6E6 /* InfoPlist.strings */ = {
			isa = PBXVariantGroup;
			children = (
				461C2F151676AB32005BA6E6 /* en */,
			);
			name = InfoPlist.strings;
			sourceTree = "<group>";
		};
		461C2F231676AB32005BA6E6 /* MainStoryboard_iPhone.storyboard */ = {
			isa = PBXVariantGroup;
			children = (
				461C2F241676AB32005BA6E6 /* en */,
			);
			name = MainStoryboard_iPhone.storyboard;
			sourceTree = "<group>";
		};
		461C2F261676AB32005BA6E6 /* MainStoryboard_iPad.storyboard */ = {
			isa = PBXVariantGroup;
			children = (
				461C2F271676AB32005BA6E6 /* en */,
			);
			name = MainStoryboard_iPad.storyboard;
			sourceTree = "<group>";
		};
/* End PBXVariantGroup section */

/* Begin XCBuildConfiguration section */
		461C2F2C1676AB32005BA6E6 /* Debug */ = {
			isa = XCBuildConfiguration;
			buildSettings = {
				ALWAYS_SEARCH_USER_PATHS = NO;
				CLANG_CXX_LANGUAGE_STANDARD = "gnu++0x";
				CLANG_CXX_LIBRARY = "libc++";
				CLANG_WARN_EMPTY_BODY = YES;
				CLANG_WARN__DUPLICATE_METHOD_MATCH = YES;
				"CODE_SIGN_IDENTITY[sdk=iphoneos*]" = "iPhone Developer";
				COPY_PHASE_STRIP = NO;
				GCC_C_LANGUAGE_STANDARD = gnu99;
				GCC_DYNAMIC_NO_PIC = NO;
				GCC_OPTIMIZATION_LEVEL = 0;
				GCC_PREPROCESSOR_DEFINITIONS = (
					"DEBUG=1",
					"$(inherited)",
				);
				GCC_SYMBOLS_PRIVATE_EXTERN = NO;
				GCC_WARN_ABOUT_RETURN_TYPE = YES;
				GCC_WARN_UNINITIALIZED_AUTOS = YES;
				GCC_WARN_UNUSED_VARIABLE = YES;
				IPHONEOS_DEPLOYMENT_TARGET = 6.0;
				ONLY_ACTIVE_ARCH = YES;
				SDKROOT = iphoneos;
				TARGETED_DEVICE_FAMILY = "1,2";
			};
			name = Debug;
		};
		461C2F2D1676AB32005BA6E6 /* Release */ = {
			isa = XCBuildConfiguration;
			buildSettings = {
				ALWAYS_SEARCH_USER_PATHS = NO;
				CLANG_CXX_LANGUAGE_STANDARD = "gnu++0x";
				CLANG_CXX_LIBRARY = "libc++";
				CLANG_WARN_EMPTY_BODY = YES;
				CLANG_WARN__DUPLICATE_METHOD_MATCH = YES;
				"CODE_SIGN_IDENTITY[sdk=iphoneos*]" = "iPhone Developer";
				COPY_PHASE_STRIP = YES;
				GCC_C_LANGUAGE_STANDARD = gnu99;
				GCC_WARN_ABOUT_RETURN_TYPE = YES;
				GCC_WARN_UNINITIALIZED_AUTOS = YES;
				GCC_WARN_UNUSED_VARIABLE = YES;
				IPHONEOS_DEPLOYMENT_TARGET = 6.0;
				OTHER_CFLAGS = "-DNS_BLOCK_ASSERTIONS=1";
				SDKROOT = iphoneos;
				TARGETED_DEVICE_FAMILY = "1,2";
				VALIDATE_PRODUCT = YES;
			};
			name = Release;
		};
		461C2F2F1676AB32005BA6E6 /* Debug */ = {
			isa = XCBuildConfiguration;
			buildSettings = {
				GCC_PRECOMPILE_PREFIX_HEADER = YES;
				GCC_PREFIX_HEADER = "Ch16/Ch16-Prefix.pch";
				INFOPLIST_FILE = "Ch16/Ch16-Info.plist";
				PRODUCT_NAME = "$(TARGET_NAME)";
				WRAPPER_EXTENSION = app;
			};
			name = Debug;
		};
		461C2F301676AB32005BA6E6 /* Release */ = {
			isa = XCBuildConfiguration;
			buildSettings = {
				GCC_PRECOMPILE_PREFIX_HEADER = YES;
				GCC_PREFIX_HEADER = "Ch16/Ch16-Prefix.pch";
				INFOPLIST_FILE = "Ch16/Ch16-Info.plist";
				PRODUCT_NAME = "$(TARGET_NAME)";
				WRAPPER_EXTENSION = app;
			};
			name = Release;
		};
/* End XCBuildConfiguration section */

/* Begin XCConfigurationList section */
		461C2F011676AB32005BA6E6 /* Build configuration list for PBXProject "Ch16" */ = {
			isa = XCConfigurationList;
			buildConfigurations = (
				461C2F2C1676AB32005BA6E6 /* Debug */,
				461C2F2D1676AB32005BA6E6 /* Release */,
			);
			defaultConfigurationIsVisible = 0;
			defaultConfigurationName = Release;
		};
		461C2F2E1676AB32005BA6E6 /* Build configuration list for PBXNativeTarget "Ch16" */ = {
			isa = XCConfigurationList;
			buildConfigurations = (
				461C2F2F1676AB32005BA6E6 /* Debug */,
				461C2F301676AB32005BA6E6 /* Release */,
			);
			defaultConfigurationIsVisible = 0;
			defaultConfigurationName = Release;
		};
/* End XCConfigurationList section */
	};
	rootObject = 461C2EFE1676AB32005BA6E6 /* Project object */;
}
